// !$*UTF8*$!
{
	archiveVersion = 1;
	classes = {
	};
	objectVersion = 46;
	objects = {

/* Begin PBXBuildFile section */
		C0097ACA1D1983A000345534 /* main.m in Sources */ = {isa = PBXBuildFile; fileRef = C0097AC91D1983A000345534 /* main.m */; };
		C0097ACD1D1983A000345534 /* AppDelegate.m in Sources */ = {isa = PBXBuildFile; fileRef = C0097ACC1D1983A000345534 /* AppDelegate.m */; };
		C0097AD01D1983A000345534 /* ViewController.m in Sources */ = {isa = PBXBuildFile; fileRef = C0097ACF1D1983A000345534 /* ViewController.m */; };
		C0097AD31D1983A000345534 /* Main.storyboard in Resources */ = {isa = PBXBuildFile; fileRef = C0097AD11D1983A000345534 /* Main.storyboard */; };
		C0097AD51D1983A000345534 /* Assets.xcassets in Resources */ = {isa = PBXBuildFile; fileRef = C0097AD41D1983A000345534 /* Assets.xcassets */; };
		C0097AD81D1983A000345534 /* LaunchScreen.storyboard in Resources */ = {isa = PBXBuildFile; fileRef = C0097AD61D1983A000345534 /* LaunchScreen.storyboard */; };
		C0097AE31D1983A000345534 /* aboutUIApplicationTests.m in Sources */ = {isa = PBXBuildFile; fileRef = C0097AE21D1983A000345534 /* aboutUIApplicationTests.m */; };
		C0097AEE1D1983A000345534 /* aboutUIApplicationUITests.m in Sources */ = {isa = PBXBuildFile; fileRef = C0097AED1D1983A000345534 /* aboutUIApplicationUITests.m */; };
/* End PBXBuildFile section */

/* Begin PBXContainerItemProxy section */
		C0097ADF1D1983A000345534 /* PBXContainerItemProxy */ = {
			isa = PBXContainerItemProxy;
			containerPortal = C0097ABD1D1983A000345534 /* Project object */;
			proxyType = 1;
			remoteGlobalIDString = C0097AC41D1983A000345534;
			remoteInfo = aboutUIApplication;
		};
		C0097AEA1D1983A000345534 /* PBXContainerItemProxy */ = {
			isa = PBXContainerItemProxy;
			containerPortal = C0097ABD1D1983A000345534 /* Project object */;
			proxyType = 1;
			remoteGlobalIDString = C0097AC41D1983A000345534;
			remoteInfo = aboutUIApplication;
		};
/* End PBXContainerItemProxy section */

/* Begin PBXFileReference section */
		C0097AC51D1983A000345534 /* aboutUIApplication.app */ = {isa = PBXFileReference; explicitFileType = wrapper.application; includeInIndex = 0; path = aboutUIApplication.app; sourceTree = BUILT_PRODUCTS_DIR; };
		C0097AC91D1983A000345534 /* main.m */ = {isa = PBXFileReference; lastKnownFileType = sourcecode.c.objc; path = main.m; sourceTree = "<group>"; };
		C0097ACB1D1983A000345534 /* AppDelegate.h */ = {isa = PBXFileReference; lastKnownFileType = sourcecode.c.h; path = AppDelegate.h; sourceTree = "<group>"; };
		C0097ACC1D1983A000345534 /* AppDelegate.m */ = {isa = PBXFileReference; lastKnownFileType = sourcecode.c.objc; path = AppDelegate.m; sourceTree = "<group>"; };
		C0097ACE1D1983A000345534 /* ViewController.h */ = {isa = PBXFileReference; lastKnownFileType = sourcecode.c.h; path = ViewController.h; sourceTree = "<group>"; };
		C0097ACF1D1983A000345534 /* ViewController.m */ = {isa = PBXFileReference; lastKnownFileType = sourcecode.c.objc; path = ViewController.m; sourceTree = "<group>"; };
		C0097AD21D1983A000345534 /* Base */ = {isa = PBXFileReference; lastKnownFileType = file.storyboard; name = Base; path = Base.lproj/Main.storyboard; sourceTree = "<group>"; };
		C0097AD41D1983A000345534 /* Assets.xcassets */ = {isa = PBXFileReference; lastKnownFileType = folder.assetcatalog; path = Assets.xcassets; sourceTree = "<group>"; };
		C0097AD71D1983A000345534 /* Base */ = {isa = PBXFileReference; lastKnownFileType = file.storyboard; name = Base; path = Base.lproj/LaunchScreen.storyboard; sourceTree = "<group>"; };
		C0097AD91D1983A000345534 /* Info.plist */ = {isa = PBXFileReference; lastKnownFileType = text.plist.xml; path = Info.plist; sourceTree = "<group>"; };
		C0097ADE1D1983A000345534 /* aboutUIApplicationTests.xctest */ = {isa = PBXFileReference; explicitFileType = wrapper.cfbundle; includeInIndex = 0; path = aboutUIApplicationTests.xctest; sourceTree = BUILT_PRODUCTS_DIR; };
		C0097AE21D1983A000345534 /* aboutUIApplicationTests.m */ = {isa = PBXFileReference; lastKnownFileType = sourcecode.c.objc; path = aboutUIApplicationTests.m; sourceTree = "<group>"; };
		C0097AE41D1983A000345534 /* Info.plist */ = {isa = PBXFileReference; lastKnownFileType = text.plist.xml; path = Info.plist; sourceTree = "<group>"; };
		C0097AE91D1983A000345534 /* aboutUIApplicationUITests.xctest */ = {isa = PBXFileReference; explicitFileType = wrapper.cfbundle; includeInIndex = 0; path = aboutUIApplicationUITests.xctest; sourceTree = BUILT_PRODUCTS_DIR; };
		C0097AED1D1983A000345534 /* aboutUIApplicationUITests.m */ = {isa = PBXFileReference; lastKnownFileType = sourcecode.c.objc; path = aboutUIApplicationUITests.m; sourceTree = "<group>"; };
		C0097AEF1D1983A000345534 /* Info.plist */ = {isa = PBXFileReference; lastKnownFileType = text.plist.xml; path = Info.plist; sourceTree = "<group>"; };
/* End PBXFileReference section */

/* Begin PBXFrameworksBuildPhase section */
		C0097AC21D1983A000345534 /* Frameworks */ = {
			isa = PBXFrameworksBuildPhase;
			buildActionMask = 2147483647;
			files = (
			);
			runOnlyForDeploymentPostprocessing = 0;
		};
		C0097ADB1D1983A000345534 /* Frameworks */ = {
			isa = PBXFrameworksBuildPhase;
			buildActionMask = 2147483647;
			files = (
			);
			runOnlyForDeploymentPostprocessing = 0;
		};
		C0097AE61D1983A000345534 /* Frameworks */ = {
			isa = PBXFrameworksBuildPhase;
			buildActionMask = 2147483647;
			files = (
			);
			runOnlyForDeploymentPostprocessing = 0;
		};
/* End PBXFrameworksBuildPhase section */

/* Begin PBXGroup section */
		C0097ABC1D1983A000345534 = {
			isa = PBXGroup;
			children = (
				C0097AC71D1983A000345534 /* aboutUIApplication */,
				C0097AE11D1983A000345534 /* aboutUIApplicationTests */,
				C0097AEC1D1983A000345534 /* aboutUIApplicationUITests */,
				C0097AC61D1983A000345534 /* Products */,
			);
			sourceTree = "<group>";
		};
		C0097AC61D1983A000345534 /* Products */ = {
			isa = PBXGroup;
			children = (
				C0097AC51D1983A000345534 /* aboutUIApplication.app */,
				C0097ADE1D1983A000345534 /* aboutUIApplicationTests.xctest */,
				C0097AE91D1983A000345534 /* aboutUIApplicationUITests.xctest */,
			);
			name = Products;
			sourceTree = "<group>";
		};
		C0097AC71D1983A000345534 /* aboutUIApplication */ = {
			isa = PBXGroup;
			children = (
				C0097ACB1D1983A000345534 /* AppDelegate.h */,
				C0097ACC1D1983A000345534 /* AppDelegate.m */,
				C0097ACE1D1983A000345534 /* ViewController.h */,
				C0097ACF1D1983A000345534 /* ViewController.m */,
				C0097AD11D1983A000345534 /* Main.storyboard */,
				C0097AD41D1983A000345534 /* Assets.xcassets */,
				C0097AD61D1983A000345534 /* LaunchScreen.storyboard */,
				C0097AD91D1983A000345534 /* Info.plist */,
				C0097AC81D1983A000345534 /* Supporting Files */,
			);
			path = aboutUIApplication;
			sourceTree = "<group>";
		};
		C0097AC81D1983A000345534 /* Supporting Files */ = {
			isa = PBXGroup;
			children = (
				C0097AC91D1983A000345534 /* main.m */,
			);
			name = "Supporting Files";
			sourceTree = "<group>";
		};
		C0097AE11D1983A000345534 /* aboutUIApplicationTests */ = {
			isa = PBXGroup;
			children = (
				C0097AE21D1983A000345534 /* aboutUIApplicationTests.m */,
				C0097AE41D1983A000345534 /* Info.plist */,
			);
			path = aboutUIApplicationTests;
			sourceTree = "<group>";
		};
		C0097AEC1D1983A000345534 /* aboutUIApplicationUITests */ = {
			isa = PBXGroup;
			children = (
				C0097AED1D1983A000345534 /* aboutUIApplicationUITests.m */,
				C0097AEF1D1983A000345534 /* Info.plist */,
			);
			path = aboutUIApplicationUITests;
			sourceTree = "<group>";
		};
/* End PBXGroup section */

/* Begin PBXNativeTarget section */
		C0097AC41D1983A000345534 /* aboutUIApplication */ = {
			isa = PBXNativeTarget;
			buildConfigurationList = C0097AF21D1983A000345534 /* Build configuration list for PBXNativeTarget "aboutUIApplication" */;
			buildPhases = (
				C0097AC11D1983A000345534 /* Sources */,
				C0097AC21D1983A000345534 /* Frameworks */,
				C0097AC31D1983A000345534 /* Resources */,
			);
			buildRules = (
			);
			dependencies = (
			);
			name = aboutUIApplication;
			productName = aboutUIApplication;
			productReference = C0097AC51D1983A000345534 /* aboutUIApplication.app */;
			productType = "com.apple.product-type.application";
		};
		C0097ADD1D1983A000345534 /* aboutUIApplicationTests */ = {
			isa = PBXNativeTarget;
			buildConfigurationList = C0097AF51D1983A000345534 /* Build configuration list for PBXNativeTarget "aboutUIApplicationTests" */;
			buildPhases = (
				C0097ADA1D1983A000345534 /* Sources */,
				C0097ADB1D1983A000345534 /* Frameworks */,
				C0097ADC1D1983A000345534 /* Resources */,
			);
			buildRules = (
			);
			dependencies = (
				C0097AE01D1983A000345534 /* PBXTargetDependency */,
			);
			name = aboutUIApplicationTests;
			productName = aboutUIApplicationTests;
			productReference = C0097ADE1D1983A000345534 /* aboutUIApplicationTests.xctest */;
			productType = "com.apple.product-type.bundle.unit-test";
		};
		C0097AE81D1983A000345534 /* aboutUIApplicationUITests */ = {
			isa = PBXNativeTarget;
			buildConfigurationList = C0097AF81D1983A000345534 /* Build configuration list for PBXNativeTarget "aboutUIApplicationUITests" */;
			buildPhases = (
				C0097AE51D1983A000345534 /* Sources */,
				C0097AE61D1983A000345534 /* Frameworks */,
				C0097AE71D1983A000345534 /* Resources */,
			);
			buildRules = (
			);
			dependencies = (
				C0097AEB1D1983A000345534 /* PBXTargetDependency */,
			);
			name = aboutUIApplicationUITests;
			productName = aboutUIApplicationUITests;
			productReference = C0097AE91D1983A000345534 /* aboutUIApplicationUITests.xctest */;
			productType = "com.apple.product-type.bundle.ui-testing";
		};
/* End PBXNativeTarget section */

/* Begin PBXProject section */
		C0097ABD1D1983A000345534 /* Project object */ = {
			isa = PBXProject;
			attributes = {
				LastUpgradeCheck = 0730;
				ORGANIZATIONNAME = ligen;
				TargetAttributes = {
					C0097AC41D1983A000345534 = {
						CreatedOnToolsVersion = 7.3.1;
					};
					C0097ADD1D1983A000345534 = {
						CreatedOnToolsVersion = 7.3.1;
						TestTargetID = C0097AC41D1983A000345534;
					};
					C0097AE81D1983A000345534 = {
						CreatedOnToolsVersion = 7.3.1;
						TestTargetID = C0097AC41D1983A000345534;
					};
				};
			};
			buildConfigurationList = C0097AC01D1983A000345534 /* Build configuration list for PBXProject "aboutUIApplication" */;
			compatibilityVersion = "Xcode 3.2";
			developmentRegion = English;
			hasScannedForEncodings = 0;
			knownRegions = (
				en,
				Base,
			);
			mainGroup = C0097ABC1D1983A000345534;
			productRefGroup = C0097AC61D1983A000345534 /* Products */;
			projectDirPath = "";
			projectRoot = "";
			targets = (
				C0097AC41D1983A000345534 /* aboutUIApplication */,
				C0097ADD1D1983A000345534 /* aboutUIApplicationTests */,
				C0097AE81D1983A000345534 /* aboutUIApplicationUITests */,
			);
		};
/* End PBXProject section */

/* Begin PBXResourcesBuildPhase section */
		C0097AC31D1983A000345534 /* Resources */ = {
			isa = PBXResourcesBuildPhase;
			buildActionMask = 2147483647;
			files = (
				C0097AD81D1983A000345534 /* LaunchScreen.storyboard in Resources */,
				C0097AD51D1983A000345534 /* Assets.xcassets in Resources */,
				C0097AD31D1983A000345534 /* Main.storyboard in Resources */,
			);
			runOnlyForDeploymentPostprocessing = 0;
		};
		C0097ADC1D1983A000345534 /* Resources */ = {
			isa = PBXResourcesBuildPhase;
			buildActionMask = 2147483647;
			files = (
			);
			runOnlyForDeploymentPostprocessing = 0;
		};
		C0097AE71D1983A000345534 /* Resources */ = {
			isa = PBXResourcesBuildPhase;
			buildActionMask = 2147483647;
			files = (
			);
			runOnlyForDeploymentPostprocessing = 0;
		};
/* End PBXResourcesBuildPhase section */

/* Begin PBXSourcesBuildPhase section */
		C0097AC11D1983A000345534 /* Sources */ = {
			isa = PBXSourcesBuildPhase;
			buildActionMask = 2147483647;
			files = (
				C0097AD01D1983A000345534 /* ViewController.m in Sources */,
				C0097ACD1D1983A000345534 /* AppDelegate.m in Sources */,
				C0097ACA1D1983A000345534 /* main.m in Sources */,
			);
			runOnlyForDeploymentPostprocessing = 0;
		};
		C0097ADA1D1983A000345534 /* Sources */ = {
			isa = PBXSourcesBuildPhase;
			buildActionMask = 2147483647;
			files = (
				C0097AE31D1983A000345534 /* aboutUIApplicationTests.m in Sources */,
			);
			runOnlyForDeploymentPostprocessing = 0;
		};
		C0097AE51D1983A000345534 /* Sources */ = {
			isa = PBXSourcesBuildPhase;
			buildActionMask = 2147483647;
			files = (
				C0097AEE1D1983A000345534 /* aboutUIApplicationUITests.m in Sources */,
			);
			runOnlyForDeploymentPostprocessing = 0;
		};
/* End PBXSourcesBuildPhase section */

/* Begin PBXTargetDependency section */
		C0097AE01D1983A000345534 /* PBXTargetDependency */ = {
			isa = PBXTargetDependency;
			target = C0097AC41D1983A000345534 /* aboutUIApplication */;
			targetProxy = C0097ADF1D1983A000345534 /* PBXContainerItemProxy */;
		};
		C0097AEB1D1983A000345534 /* PBXTargetDependency */ = {
			isa = PBXTargetDependency;
			target = C0097AC41D1983A000345534 /* aboutUIApplication */;
			targetProxy = C0097AEA1D1983A000345534 /* PBXContainerItemProxy */;
		};
/* End PBXTargetDependency section */

/* Begin PBXVariantGroup section */
		C0097AD11D1983A000345534 /* Main.storyboard */ = {
			isa = PBXVariantGroup;
			children = (
				C0097AD21D1983A000345534 /* Base */,
			);
			name = Main.storyboard;
			sourceTree = "<group>";
		};
		C0097AD61D1983A000345534 /* LaunchScreen.storyboard */ = {
			isa = PBXVariantGroup;
			children = (
				C0097AD71D1983A000345534 /* Base */,
			);
			name = LaunchScreen.storyboard;
			sourceTree = "<group>";
		};
/* End PBXVariantGroup section */

/* Begin XCBuildConfiguration section */
		C0097AF01D1983A000345534 /* Debug */ = {
			isa = XCBuildConfiguration;
			buildSettings = {
				ALWAYS_SEARCH_USER_PATHS = NO;
				CLANG_ANALYZER_NONNULL = YES;
				CLANG_CXX_LANGUAGE_STANDARD = "gnu++0x";
				CLANG_CXX_LIBRARY = "libc++";
				CLANG_ENABLE_MODULES = YES;
				CLANG_ENABLE_OBJC_ARC = YES;
				CLANG_WARN_BOOL_CONVERSION = YES;
				CLANG_WARN_CONSTANT_CONVERSION = YES;
				CLANG_WARN_DIRECT_OBJC_ISA_USAGE = YES_ERROR;
				CLANG_WARN_EMPTY_BODY = YES;
				CLANG_WARN_ENUM_CONVERSION = YES;
				CLANG_WARN_INT_CONVERSION = YES;
				CLANG_WARN_OBJC_ROOT_CLASS = YES_ERROR;
				CLANG_WARN_UNREACHABLE_CODE = YES;
				CLANG_WARN__DUPLICATE_METHOD_MATCH = YES;
				"CODE_SIGN_IDENTITY[sdk=iphoneos*]" = "iPhone Developer";
				COPY_PHASE_STRIP = NO;
				DEBUG_INFORMATION_FORMAT = dwarf;
				ENABLE_STRICT_OBJC_MSGSEND = YES;
				ENABLE_TESTABILITY = YES;
				GCC_C_LANGUAGE_STANDARD = gnu99;
				GCC_DYNAMIC_NO_PIC = NO;
				GCC_NO_COMMON_BLOCKS = YES;
				GCC_OPTIMIZATION_LEVEL = 0;
				GCC_PREPROCESSOR_DEFINITIONS = (
					"DEBUG=1",
					"$(inherited)",
				);
				GCC_WARN_64_TO_32_BIT_CONVERSION = YES;
				GCC_WARN_ABOUT_RETURN_TYPE = YES_ERROR;
				GCC_WARN_UNDECLARED_SELECTOR = YES;
				GCC_WARN_UNINITIALIZED_AUTOS = YES_AGGRESSIVE;
				GCC_WARN_UNUSED_FUNCTION = YES;
				GCC_WARN_UNUSED_VARIABLE = YES;
				IPHONEOS_DEPLOYMENT_TARGET = 9.3;
				MTL_ENABLE_DEBUG_INFO = YES;
				ONLY_ACTIVE_ARCH = YES;
				SDKROOT = iphoneos;
				TARGETED_DEVICE_FAMILY = "1,2";
			};
			name = Debug;
		};
		C0097AF11D1983A000345534 /* Release */ = {
			isa = XCBuildConfiguration;
			buildSettings = {
				ALWAYS_SEARCH_USER_PATHS = NO;
				CLANG_ANALYZER_NONNULL = YES;
				CLANG_CXX_LANGUAGE_STANDARD = "gnu++0x";
				CLANG_CXX_LIBRARY = "libc++";
				CLANG_ENABLE_MODULES = YES;
				CLANG_ENABLE_OBJC_ARC = YES;
				CLANG_WARN_BOOL_CONVERSION = YES;
				CLANG_WARN_CONSTANT_CONVERSION = YES;
				CLANG_WARN_DIRECT_OBJC_ISA_USAGE = YES_ERROR;
				CLANG_WARN_EMPTY_BODY = YES;
				CLANG_WARN_ENUM_CONVERSION = YES;
				CLANG_WARN_INT_CONVERSION = YES;
				CLANG_WARN_OBJC_ROOT_CLASS = YES_ERROR;
				CLANG_WARN_UNREACHABLE_CODE = YES;
				CLANG_WARN__DUPLICATE_METHOD_MATCH = YES;
				"CODE_SIGN_IDENTITY[sdk=iphoneos*]" = "iPhone Developer";
				COPY_PHASE_STRIP = NO;
				DEBUG_INFORMATION_FORMAT = "dwarf-with-dsym";
				ENABLE_NS_ASSERTIONS = NO;
				ENABLE_STRICT_OBJC_MSGSEND = YES;
				GCC_C_LANGUAGE_STANDARD = gnu99;
				GCC_NO_COMMON_BLOCKS = YES;
				GCC_WARN_64_TO_32_BIT_CONVERSION = YES;
				GCC_WARN_ABOUT_RETURN_TYPE = YES_ERROR;
				GCC_WARN_UNDECLARED_SELECTOR = YES;
				GCC_WARN_UNINITIALIZED_AUTOS = YES_AGGRESSIVE;
				GCC_WARN_UNUSED_FUNCTION = YES;
				GCC_WARN_UNUSED_VARIABLE = YES;
				IPHONEOS_DEPLOYMENT_TARGET = 9.3;
				MTL_ENABLE_DEBUG_INFO = NO;
				SDKROOT = iphoneos;
				TARGETED_DEVICE_FAMILY = "1,2";
				VALIDATE_PRODUCT = YES;
			};
			name = Release;
		};
		C0097AF31D1983A000345534 /* Debug */ = {
			isa = XCBuildConfiguration;
			buildSettings = {
				ASSETCATALOG_COMPILER_APPICON_NAME = AppIcon;
				INFOPLIST_FILE = aboutUIApplication/Info.plist;
				LD_RUNPATH_SEARCH_PATHS = "$(inherited) @executable_path/Frameworks";
				PRODUCT_BUNDLE_IDENTIFIER = qingshanliuyun.aboutUIApplication;
				PRODUCT_NAME = "$(TARGET_NAME)";
			};
			name = Debug;
		};
		C0097AF41D1983A000345534 /* Release */ = {
			isa = XCBuildConfiguration;
			buildSettings = {
				ASSETCATALOG_COMPILER_APPICON_NAME = AppIcon;
				INFOPLIST_FILE = aboutUIApplication/Info.plist;
				LD_RUNPATH_SEARCH_PATHS = "$(inherited) @executable_path/Frameworks";
				PRODUCT_BUNDLE_IDENTIFIER = qingshanliuyun.aboutUIApplication;
				PRODUCT_NAME = "$(TARGET_NAME)";
			};
			name = Release;
		};
		C0097AF61D1983A000345534 /* Debug */ = {
			isa = XCBuildConfiguration;
			buildSettings = {
				BUNDLE_LOADER = "$(TEST_HOST)";
				INFOPLIST_FILE = aboutUIApplicationTests/Info.plist;
				LD_RUNPATH_SEARCH_PATHS = "$(inherited) @executable_path/Frameworks @loader_path/Frameworks";
				PRODUCT_BUNDLE_IDENTIFIER = qingshanliuyun.aboutUIApplicationTests;
				PRODUCT_NAME = "$(TARGET_NAME)";
				TEST_HOST = "$(BUILT_PRODUCTS_DIR)/aboutUIApplication.app/aboutUIApplication";
			};
			name = Debug;
		};
		C0097AF71D1983A000345534 /* Release */ = {
			isa = XCBuildConfiguration;
			buildSettings = {
				BUNDLE_LOADER = "$(TEST_HOST)";
				INFOPLIST_FILE = aboutUIApplicationTests/Info.plist;
				LD_RUNPATH_SEARCH_PATHS = "$(inherited) @executable_path/Frameworks @loader_path/Frameworks";
				PRODUCT_BUNDLE_IDENTIFIER = qingshanliuyun.aboutUIApplicationTests;
				PRODUCT_NAME = "$(TARGET_NAME)";
				TEST_HOST = "$(BUILT_PRODUCTS_DIR)/aboutUIApplication.app/aboutUIApplication";
			};
			name = Release;
		};
		C0097AF91D1983A000345534 /* Debug */ = {
			isa = XCBuildConfiguration;
			buildSettings = {
				INFOPLIST_FILE = aboutUIApplicationUITests/Info.plist;
				LD_RUNPATH_SEARCH_PATHS = "$(inherited) @executable_path/Frameworks @loader_path/Frameworks";
				PRODUCT_BUNDLE_IDENTIFIER = qingshanliuyun.aboutUIApplicationUITests;
				PRODUCT_NAME = "$(TARGET_NAME)";
				TEST_TARGET_NAME = aboutUIApplication;
			};
			name = Debug;
		};
		C0097AFA1D1983A000345534 /* Release */ = {
			isa = XCBuildConfiguration;
			buildSettings = {
				INFOPLIST_FILE = aboutUIApplicationUITests/Info.plist;
				LD_RUNPATH_SEARCH_PATHS = "$(inherited) @executable_path/Frameworks @loader_path/Frameworks";
				PRODUCT_BUNDLE_IDENTIFIER = qingshanliuyun.aboutUIApplicationUITests;
				PRODUCT_NAME = "$(TARGET_NAME)";
				TEST_TARGET_NAME = aboutUIApplication;
			};
			name = Release;
		};
/* End XCBuildConfiguration section */

/* Begin XCConfigurationList section */
		C0097AC01D1983A000345534 /* Build configuration list for PBXProject "aboutUIApplication" */ = {
			isa = XCConfigurationList;
			buildConfigurations = (
				C0097AF01D1983A000345534 /* Debug */,
				C0097AF11D1983A000345534 /* Release */,
			);
			defaultConfigurationIsVisible = 0;
			defaultConfigurationName = Release;
		};
		C0097AF21D1983A000345534 /* Build configuration list for PBXNativeTarget "aboutUIApplication" */ = {
			isa = XCConfigurationList;
			buildConfigurations = (
				C0097AF31D1983A000345534 /* Debug */,
				C0097AF41D1983A000345534 /* Release */,
			);
			defaultConfigurationIsVisible = 0;
		};
		C0097AF51D1983A000345534 /* Build configuration list for PBXNativeTarget "aboutUIApplicationTests" */ = {
			isa = XCConfigurationList;
			buildConfigurations = (
				C0097AF61D1983A000345534 /* Debug */,
				C0097AF71D1983A000345534 /* Release */,
			);
			defaultConfigurationIsVisible = 0;
		};
		C0097AF81D1983A000345534 /* Build configuration list for PBXNativeTarget "aboutUIApplicationUITests" */ = {
			isa = XCConfigurationList;
			buildConfigurations = (
				C0097AF91D1983A000345534 /* Debug */,
				C0097AFA1D1983A000345534 /* Release */,
			);
			defaultConfigurationIsVisible = 0;
		};
/* End XCConfigurationList section */
	};
	rootObject = C0097ABD1D1983A000345534 /* Project object */;
}
